
Microsoft Visual Studio Solution File, Format Version 12.00
# Visual Studio Version 16
VisualStudioVersion = 16.0.31702.278
MinimumVisualStudioVersion = 10.0.40219.1
Project("{FAE04EC0-301F-11D3-BF4B-00C04F79EFBC}") = "lab6", "lab6\lab6.csproj", "{A849C4BA-1164-409A-83F7-503C67D88DEF}"
EndProject
Project("{FAE04EC0-301F-11D3-BF4B-00C04F79EFBC}") = "DES encryption", "DES encryption\DES encryption.csproj", "{4C25EAB5-EA05-4CB2-A725-A83A1FB69084}"
EndProject
Project("{FAE04EC0-301F-11D3-BF4B-00C04F79EFBC}") = "TripleDes", "TripleDes\TripleDes.csproj", "{601B2BF0-30A1-4F26-A537-232E1B655532}"
EndProject
Global
	GlobalSection(SolutionConfigurationPlatforms) = preSolution
		Debug|Any CPU = Debug|Any CPU
		Release|Any CPU = Release|Any CPU
	EndGlobalSection
	GlobalSection(ProjectConfigurationPlatforms) = postSolution
		{A849C4BA-1164-409A-83F7-503C67D88DEF}.Debug|Any CPU.ActiveCfg = Debug|Any CPU
		{A849C4BA-1164-409A-83F7-503C67D88DEF}.Debug|Any CPU.Build.0 = Debug|Any CPU
		{A849C4BA-1164-409A-83F7-503C67D88DEF}.Release|Any CPU.ActiveCfg = Release|Any CPU
		{A849C4BA-1164-409A-83F7-503C67D88DEF}.Release|Any CPU.Build.0 = Release|Any CPU
		{4C25EAB5-EA05-4CB2-A725-A83A1FB69084}.Debug|Any CPU.ActiveCfg = Debug|Any CPU
		{4C25EAB5-EA05-4CB2-A725-A83A1FB69084}.Debug|Any CPU.Build.0 = Debug|Any CPU
		{4C25EAB5-EA05-4CB2-A725-A83A1FB69084}.Release|Any CPU.ActiveCfg = Release|Any CPU
		{4C25EAB5-EA05-4CB2-A725-A83A1FB69084}.Release|Any CPU.Build.0 = Release|Any CPU
		{601B2BF0-30A1-4F26-A537-232E1B655532}.Debug|Any CPU.ActiveCfg = Debug|Any CPU
		{601B2BF0-30A1-4F26-A537-232E1B655532}.Debug|Any CPU.Build.0 = Debug|Any CPU
		{601B2BF0-30A1-4F26-A537-232E1B655532}.Release|Any CPU.ActiveCfg = Release|Any CPU
		{601B2BF0-30A1-4F26-A537-232E1B655532}.Release|Any CPU.Build.0 = Release|Any CPU
	EndGlobalSection
	GlobalSection(SolutionProperties) = preSolution
		HideSolutionNode = FALSE
	EndGlobalSection
	GlobalSection(ExtensibilityGlobals) = postSolution
		SolutionGuid = {EC0C694C-1FF2-4AF1-BDC3-4E5E99BAB292}
	EndGlobalSection
EndGlobal
